// !$*UTF8*$!
{
	archiveVersion = 1;
	classes = {
	};
	objectVersion = 51;
	objects = {

/* Begin PBXBuildFile section */
		135EFD7D7FEB499B9D22B60D /* Pods_InstaFeatures.framework in Frameworks */ = {isa = PBXBuildFile; fileRef = E1D1F5FAD6765D07E5569CD2 /* Pods_InstaFeatures.framework */; };
		41337EC325F784A5006B104B /* GoogleService-Info.plist in Resources */ = {isa = PBXBuildFile; fileRef = 41337EC225F784A5006B104B /* GoogleService-Info.plist */; };
		41337EC925F7855A006B104B /* LoginViewController.swift in Sources */ = {isa = PBXBuildFile; fileRef = 41337EC825F7855A006B104B /* LoginViewController.swift */; };
		41337ED125F78564006B104B /* RegistrationViewController.swift in Sources */ = {isa = PBXBuildFile; fileRef = 41337ED025F78564006B104B /* RegistrationViewController.swift */; };
		41337ED625F78572006B104B /* PostViewController.swift in Sources */ = {isa = PBXBuildFile; fileRef = 41337ED525F78572006B104B /* PostViewController.swift */; };
		41337EDB25F78676006B104B /* EditProfileViewController.swift in Sources */ = {isa = PBXBuildFile; fileRef = 41337EDA25F78676006B104B /* EditProfileViewController.swift */; };
		41337EE025F78692006B104B /* SettingsViewController.swift in Sources */ = {isa = PBXBuildFile; fileRef = 41337EDF25F78692006B104B /* SettingsViewController.swift */; };
		41337EE525F78699006B104B /* ListViewController.swift in Sources */ = {isa = PBXBuildFile; fileRef = 41337EE425F78699006B104B /* ListViewController.swift */; };
		41337EEA25F786A6006B104B /* SearchViewController.swift in Sources */ = {isa = PBXBuildFile; fileRef = 41337EE925F786A6006B104B /* SearchViewController.swift */; };
		41337EEF25F786B3006B104B /* SearchResultViewController.swift in Sources */ = {isa = PBXBuildFile; fileRef = 41337EEE25F786B3006B104B /* SearchResultViewController.swift */; };
		41337EF425F786BC006B104B /* PostEditorViewController.swift in Sources */ = {isa = PBXBuildFile; fileRef = 41337EF325F786BC006B104B /* PostEditorViewController.swift */; };
		41337EF925F786CB006B104B /* PublishPostViewController.swift in Sources */ = {isa = PBXBuildFile; fileRef = 41337EF825F786CB006B104B /* PublishPostViewController.swift */; };
		41337F0525F788EE006B104B /* DatabaseManager.swift in Sources */ = {isa = PBXBuildFile; fileRef = 41337F0425F788EE006B104B /* DatabaseManager.swift */; };
		41337F0A25F7895D006B104B /* AuthManager.swift in Sources */ = {isa = PBXBuildFile; fileRef = 41337F0925F7895D006B104B /* AuthManager.swift */; };
		41337F0F25F7899F006B104B /* StoreManager.swift in Sources */ = {isa = PBXBuildFile; fileRef = 41337F0E25F7899F006B104B /* StoreManager.swift */; };
		41337F2D25F7F4CF006B104B /* UIView.swift in Sources */ = {isa = PBXBuildFile; fileRef = 41337F2C25F7F4CF006B104B /* UIView.swift */; };
		4166DB1325F77B7400C9C14E /* AppDelegate.swift in Sources */ = {isa = PBXBuildFile; fileRef = 4166DB1225F77B7400C9C14E /* AppDelegate.swift */; };
		4166DB1525F77B7400C9C14E /* SceneDelegate.swift in Sources */ = {isa = PBXBuildFile; fileRef = 4166DB1425F77B7400C9C14E /* SceneDelegate.swift */; };
		4166DB1A25F77B7400C9C14E /* Main.storyboard in Resources */ = {isa = PBXBuildFile; fileRef = 4166DB1825F77B7400C9C14E /* Main.storyboard */; };
		4166DB1D25F77B7400C9C14E /* InstaFeatures.xcdatamodeld in Sources */ = {isa = PBXBuildFile; fileRef = 4166DB1B25F77B7400C9C14E /* InstaFeatures.xcdatamodeld */; };
		4166DB1F25F77B7500C9C14E /* Assets.xcassets in Resources */ = {isa = PBXBuildFile; fileRef = 4166DB1E25F77B7500C9C14E /* Assets.xcassets */; };
		4166DB2225F77B7500C9C14E /* LaunchScreen.storyboard in Resources */ = {isa = PBXBuildFile; fileRef = 4166DB2025F77B7500C9C14E /* LaunchScreen.storyboard */; };
		4166DB2D25F77B7600C9C14E /* InstaFeaturesTests.swift in Sources */ = {isa = PBXBuildFile; fileRef = 4166DB2C25F77B7600C9C14E /* InstaFeaturesTests.swift */; };
		4166DB3825F77B7600C9C14E /* InstaFeaturesUITests.swift in Sources */ = {isa = PBXBuildFile; fileRef = 4166DB3725F77B7600C9C14E /* InstaFeaturesUITests.swift */; };
		4166DB5025F77C9B00C9C14E /* HomeViewController.swift in Sources */ = {isa = PBXBuildFile; fileRef = 4166DB4F25F77C9B00C9C14E /* HomeViewController.swift */; };
		4166DB5525F77CA700C9C14E /* ExploreViewController.swift in Sources */ = {isa = PBXBuildFile; fileRef = 4166DB5425F77CA700C9C14E /* ExploreViewController.swift */; };
		4166DB5A25F77CAF00C9C14E /* CameraViewController.swift in Sources */ = {isa = PBXBuildFile; fileRef = 4166DB5925F77CAF00C9C14E /* CameraViewController.swift */; };
		4166DB5F25F77CBD00C9C14E /* NotificationViewController.swift in Sources */ = {isa = PBXBuildFile; fileRef = 4166DB5E25F77CBD00C9C14E /* NotificationViewController.swift */; };
		4166DB6425F77CC500C9C14E /* ProfileViewController.swift in Sources */ = {isa = PBXBuildFile; fileRef = 4166DB6325F77CC500C9C14E /* ProfileViewController.swift */; };
		416E891E25FA17BA0010EC39 /* String.swift in Sources */ = {isa = PBXBuildFile; fileRef = 416E891D25FA17BA0010EC39 /* String.swift */; };
		41EE2AE425FAB67C00D30B87 /* IGFeedViewCell.swift in Sources */ = {isa = PBXBuildFile; fileRef = 41EE2AE325FAB67C00D30B87 /* IGFeedViewCell.swift */; };
		41EE2AED25FAB7C100D30B87 /* IGPostHeaderViewCell.swift in Sources */ = {isa = PBXBuildFile; fileRef = 41EE2AEC25FAB7C100D30B87 /* IGPostHeaderViewCell.swift */; };
		41EE2AF225FAB7F800D30B87 /* IGPostActionViewCell.swift in Sources */ = {isa = PBXBuildFile; fileRef = 41EE2AF125FAB7F800D30B87 /* IGPostActionViewCell.swift */; };
		41EE2AF725FAB81B00D30B87 /* IGPostGeneralViewCell.swift in Sources */ = {isa = PBXBuildFile; fileRef = 41EE2AF625FAB81B00D30B87 /* IGPostGeneralViewCell.swift */; };
		71FA6CDBD53ED7BA3EC83153 /* Pods_InstaFeatures_InstaFeaturesUITests.framework in Frameworks */ = {isa = PBXBuildFile; fileRef = 65D87A116BA1BDF741ACAD35 /* Pods_InstaFeatures_InstaFeaturesUITests.framework */; };
		C5FD25EB7E984620B29944EA /* Pods_InstaFeaturesTests.framework in Frameworks */ = {isa = PBXBuildFile; fileRef = 7B6151E0C4984D069A0645BD /* Pods_InstaFeaturesTests.framework */; };
/* End PBXBuildFile section */

/* Begin PBXContainerItemProxy section */
		4166DB2925F77B7600C9C14E /* PBXContainerItemProxy */ = {
			isa = PBXContainerItemProxy;
			containerPortal = 4166DB0725F77B7400C9C14E /* Project object */;
			proxyType = 1;
			remoteGlobalIDString = 4166DB0E25F77B7400C9C14E;
			remoteInfo = InstaFeatures;
		};
		4166DB3425F77B7600C9C14E /* PBXContainerItemProxy */ = {
			isa = PBXContainerItemProxy;
			containerPortal = 4166DB0725F77B7400C9C14E /* Project object */;
			proxyType = 1;
			remoteGlobalIDString = 4166DB0E25F77B7400C9C14E;
			remoteInfo = InstaFeatures;
		};
/* End PBXContainerItemProxy section */

/* Begin PBXFileReference section */
		41337EC225F784A5006B104B /* GoogleService-Info.plist */ = {isa = PBXFileReference; fileEncoding = 4; lastKnownFileType = text.plist.xml; path = "GoogleService-Info.plist"; sourceTree = "<group>"; };
		41337EC825F7855A006B104B /* LoginViewController.swift */ = {isa = PBXFileReference; lastKnownFileType = sourcecode.swift; path = LoginViewController.swift; sourceTree = "<group>"; };
		41337ED025F78564006B104B /* RegistrationViewController.swift */ = {isa = PBXFileReference; lastKnownFileType = sourcecode.swift; path = RegistrationViewController.swift; sourceTree = "<group>"; };
		41337ED525F78572006B104B /* PostViewController.swift */ = {isa = PBXFileReference; lastKnownFileType = sourcecode.swift; path = PostViewController.swift; sourceTree = "<group>"; };
		41337EDA25F78676006B104B /* EditProfileViewController.swift */ = {isa = PBXFileReference; lastKnownFileType = sourcecode.swift; path = EditProfileViewController.swift; sourceTree = "<group>"; };
		41337EDF25F78692006B104B /* SettingsViewController.swift */ = {isa = PBXFileReference; lastKnownFileType = sourcecode.swift; path = SettingsViewController.swift; sourceTree = "<group>"; };
		41337EE425F78699006B104B /* ListViewController.swift */ = {isa = PBXFileReference; lastKnownFileType = sourcecode.swift; path = ListViewController.swift; sourceTree = "<group>"; };
		41337EE925F786A6006B104B /* SearchViewController.swift */ = {isa = PBXFileReference; lastKnownFileType = sourcecode.swift; path = SearchViewController.swift; sourceTree = "<group>"; };
		41337EEE25F786B3006B104B /* SearchResultViewController.swift */ = {isa = PBXFileReference; lastKnownFileType = sourcecode.swift; path = SearchResultViewController.swift; sourceTree = "<group>"; };
		41337EF325F786BC006B104B /* PostEditorViewController.swift */ = {isa = PBXFileReference; lastKnownFileType = sourcecode.swift; path = PostEditorViewController.swift; sourceTree = "<group>"; };
		41337EF825F786CB006B104B /* PublishPostViewController.swift */ = {isa = PBXFileReference; lastKnownFileType = sourcecode.swift; path = PublishPostViewController.swift; sourceTree = "<group>"; };
		41337F0425F788EE006B104B /* DatabaseManager.swift */ = {isa = PBXFileReference; lastKnownFileType = sourcecode.swift; path = DatabaseManager.swift; sourceTree = "<group>"; };
		41337F0925F7895D006B104B /* AuthManager.swift */ = {isa = PBXFileReference; lastKnownFileType = sourcecode.swift; path = AuthManager.swift; sourceTree = "<group>"; };
		41337F0E25F7899F006B104B /* StoreManager.swift */ = {isa = PBXFileReference; lastKnownFileType = sourcecode.swift; path = StoreManager.swift; sourceTree = "<group>"; };
		41337F2C25F7F4CF006B104B /* UIView.swift */ = {isa = PBXFileReference; lastKnownFileType = sourcecode.swift; path = UIView.swift; sourceTree = "<group>"; };
		4166DB0F25F77B7400C9C14E /* InstaFeatures.app */ = {isa = PBXFileReference; explicitFileType = wrapper.application; includeInIndex = 0; path = InstaFeatures.app; sourceTree = BUILT_PRODUCTS_DIR; };
		4166DB1225F77B7400C9C14E /* AppDelegate.swift */ = {isa = PBXFileReference; lastKnownFileType = sourcecode.swift; path = AppDelegate.swift; sourceTree = "<group>"; };
		4166DB1425F77B7400C9C14E /* SceneDelegate.swift */ = {isa = PBXFileReference; lastKnownFileType = sourcecode.swift; path = SceneDelegate.swift; sourceTree = "<group>"; };
		4166DB1925F77B7400C9C14E /* Base */ = {isa = PBXFileReference; lastKnownFileType = file.storyboard; name = Base; path = Base.lproj/Main.storyboard; sourceTree = "<group>"; };
		4166DB1C25F77B7400C9C14E /* InstaFeatures.xcdatamodel */ = {isa = PBXFileReference; lastKnownFileType = wrapper.xcdatamodel; path = InstaFeatures.xcdatamodel; sourceTree = "<group>"; };
		4166DB1E25F77B7500C9C14E /* Assets.xcassets */ = {isa = PBXFileReference; lastKnownFileType = folder.assetcatalog; path = Assets.xcassets; sourceTree = "<group>"; };
		4166DB2125F77B7500C9C14E /* Base */ = {isa = PBXFileReference; lastKnownFileType = file.storyboard; name = Base; path = Base.lproj/LaunchScreen.storyboard; sourceTree = "<group>"; };
		4166DB2325F77B7500C9C14E /* Info.plist */ = {isa = PBXFileReference; lastKnownFileType = text.plist.xml; path = Info.plist; sourceTree = "<group>"; };
		4166DB2825F77B7600C9C14E /* InstaFeaturesTests.xctest */ = {isa = PBXFileReference; explicitFileType = wrapper.cfbundle; includeInIndex = 0; path = InstaFeaturesTests.xctest; sourceTree = BUILT_PRODUCTS_DIR; };
		4166DB2C25F77B7600C9C14E /* InstaFeaturesTests.swift */ = {isa = PBXFileReference; lastKnownFileType = sourcecode.swift; path = InstaFeaturesTests.swift; sourceTree = "<group>"; };
		4166DB2E25F77B7600C9C14E /* Info.plist */ = {isa = PBXFileReference; lastKnownFileType = text.plist.xml; path = Info.plist; sourceTree = "<group>"; };
		4166DB3325F77B7600C9C14E /* InstaFeaturesUITests.xctest */ = {isa = PBXFileReference; explicitFileType = wrapper.cfbundle; includeInIndex = 0; path = InstaFeaturesUITests.xctest; sourceTree = BUILT_PRODUCTS_DIR; };
		4166DB3725F77B7600C9C14E /* InstaFeaturesUITests.swift */ = {isa = PBXFileReference; lastKnownFileType = sourcecode.swift; path = InstaFeaturesUITests.swift; sourceTree = "<group>"; };
		4166DB3925F77B7600C9C14E /* Info.plist */ = {isa = PBXFileReference; lastKnownFileType = text.plist.xml; path = Info.plist; sourceTree = "<group>"; };
		4166DB4F25F77C9B00C9C14E /* HomeViewController.swift */ = {isa = PBXFileReference; lastKnownFileType = sourcecode.swift; path = HomeViewController.swift; sourceTree = "<group>"; };
		4166DB5425F77CA700C9C14E /* ExploreViewController.swift */ = {isa = PBXFileReference; lastKnownFileType = sourcecode.swift; path = ExploreViewController.swift; sourceTree = "<group>"; };
		4166DB5925F77CAF00C9C14E /* CameraViewController.swift */ = {isa = PBXFileReference; lastKnownFileType = sourcecode.swift; path = CameraViewController.swift; sourceTree = "<group>"; };
		4166DB5E25F77CBD00C9C14E /* NotificationViewController.swift */ = {isa = PBXFileReference; lastKnownFileType = sourcecode.swift; path = NotificationViewController.swift; sourceTree = "<group>"; };
		4166DB6325F77CC500C9C14E /* ProfileViewController.swift */ = {isa = PBXFileReference; lastKnownFileType = sourcecode.swift; path = ProfileViewController.swift; sourceTree = "<group>"; };
		416E891D25FA17BA0010EC39 /* String.swift */ = {isa = PBXFileReference; lastKnownFileType = sourcecode.swift; path = String.swift; sourceTree = "<group>"; };
		41EE2AE325FAB67C00D30B87 /* IGFeedViewCell.swift */ = {isa = PBXFileReference; lastKnownFileType = sourcecode.swift; path = IGFeedViewCell.swift; sourceTree = "<group>"; };
		41EE2AEC25FAB7C100D30B87 /* IGPostHeaderViewCell.swift */ = {isa = PBXFileReference; lastKnownFileType = sourcecode.swift; path = IGPostHeaderViewCell.swift; sourceTree = "<group>"; };
		41EE2AF125FAB7F800D30B87 /* IGPostActionViewCell.swift */ = {isa = PBXFileReference; lastKnownFileType = sourcecode.swift; path = IGPostActionViewCell.swift; sourceTree = "<group>"; };
		41EE2AF625FAB81B00D30B87 /* IGPostGeneralViewCell.swift */ = {isa = PBXFileReference; lastKnownFileType = sourcecode.swift; path = IGPostGeneralViewCell.swift; sourceTree = "<group>"; };
		476829244567F10CF978BF93 /* Pods-InstaFeatures-InstaFeaturesUITests.debug.xcconfig */ = {isa = PBXFileReference; includeInIndex = 1; lastKnownFileType = text.xcconfig; name = "Pods-InstaFeatures-InstaFeaturesUITests.debug.xcconfig"; path = "Target Support Files/Pods-InstaFeatures-InstaFeaturesUITests/Pods-InstaFeatures-InstaFeaturesUITests.debug.xcconfig"; sourceTree = "<group>"; };
		65D87A116BA1BDF741ACAD35 /* Pods_InstaFeatures_InstaFeaturesUITests.framework */ = {isa = PBXFileReference; explicitFileType = wrapper.framework; includeInIndex = 0; path = Pods_InstaFeatures_InstaFeaturesUITests.framework; sourceTree = BUILT_PRODUCTS_DIR; };
		72CC647A756961CAA56E5188 /* Pods-InstaFeaturesTests.debug.xcconfig */ = {isa = PBXFileReference; includeInIndex = 1; lastKnownFileType = text.xcconfig; name = "Pods-InstaFeaturesTests.debug.xcconfig"; path = "Target Support Files/Pods-InstaFeaturesTests/Pods-InstaFeaturesTests.debug.xcconfig"; sourceTree = "<group>"; };
		7B6151E0C4984D069A0645BD /* Pods_InstaFeaturesTests.framework */ = {isa = PBXFileReference; explicitFileType = wrapper.framework; includeInIndex = 0; path = Pods_InstaFeaturesTests.framework; sourceTree = BUILT_PRODUCTS_DIR; };
		876A4B0CC9AF1F2079833FE0 /* Pods-InstaFeatures-InstaFeaturesUITests.release.xcconfig */ = {isa = PBXFileReference; includeInIndex = 1; lastKnownFileType = text.xcconfig; name = "Pods-InstaFeatures-InstaFeaturesUITests.release.xcconfig"; path = "Target Support Files/Pods-InstaFeatures-InstaFeaturesUITests/Pods-InstaFeatures-InstaFeaturesUITests.release.xcconfig"; sourceTree = "<group>"; };
		9BD5D4CC65CCE1BE3BAEC1D6 /* Pods-InstaFeaturesTests.release.xcconfig */ = {isa = PBXFileReference; includeInIndex = 1; lastKnownFileType = text.xcconfig; name = "Pods-InstaFeaturesTests.release.xcconfig"; path = "Target Support Files/Pods-InstaFeaturesTests/Pods-InstaFeaturesTests.release.xcconfig"; sourceTree = "<group>"; };
		A8D39B367ED1EAEF07252B93 /* Pods-InstaFeatures.debug.xcconfig */ = {isa = PBXFileReference; includeInIndex = 1; lastKnownFileType = text.xcconfig; name = "Pods-InstaFeatures.debug.xcconfig"; path = "Target Support Files/Pods-InstaFeatures/Pods-InstaFeatures.debug.xcconfig"; sourceTree = "<group>"; };
		E1D1F5FAD6765D07E5569CD2 /* Pods_InstaFeatures.framework */ = {isa = PBXFileReference; explicitFileType = wrapper.framework; includeInIndex = 0; path = Pods_InstaFeatures.framework; sourceTree = BUILT_PRODUCTS_DIR; };
		E4B8D5D76E2D564C19EBFBDE /* Pods-InstaFeatures.release.xcconfig */ = {isa = PBXFileReference; includeInIndex = 1; lastKnownFileType = text.xcconfig; name = "Pods-InstaFeatures.release.xcconfig"; path = "Target Support Files/Pods-InstaFeatures/Pods-InstaFeatures.release.xcconfig"; sourceTree = "<group>"; };
/* End PBXFileReference section */

/* Begin PBXFrameworksBuildPhase section */
		4166DB0C25F77B7400C9C14E /* Frameworks */ = {
			isa = PBXFrameworksBuildPhase;
			buildActionMask = 2147483647;
			files = (
				135EFD7D7FEB499B9D22B60D /* Pods_InstaFeatures.framework in Frameworks */,
			);
			runOnlyForDeploymentPostprocessing = 0;
		};
		4166DB2525F77B7600C9C14E /* Frameworks */ = {
			isa = PBXFrameworksBuildPhase;
			buildActionMask = 2147483647;
			files = (
				C5FD25EB7E984620B29944EA /* Pods_InstaFeaturesTests.framework in Frameworks */,
			);
			runOnlyForDeploymentPostprocessing = 0;
		};
		4166DB3025F77B7600C9C14E /* Frameworks */ = {
			isa = PBXFrameworksBuildPhase;
			buildActionMask = 2147483647;
			files = (
				71FA6CDBD53ED7BA3EC83153 /* Pods_InstaFeatures_InstaFeaturesUITests.framework in Frameworks */,
			);
			runOnlyForDeploymentPostprocessing = 0;
		};
/* End PBXFrameworksBuildPhase section */

/* Begin PBXGroup section */
		03220C717F8D3E794BE87095 /* Frameworks */ = {
			isa = PBXGroup;
			children = (
				E1D1F5FAD6765D07E5569CD2 /* Pods_InstaFeatures.framework */,
				65D87A116BA1BDF741ACAD35 /* Pods_InstaFeatures_InstaFeaturesUITests.framework */,
				7B6151E0C4984D069A0645BD /* Pods_InstaFeaturesTests.framework */,
			);
			name = Frameworks;
			sourceTree = "<group>";
		};
		0D97CC2F5B3F4F3AA6418883 /* Pods */ = {
			isa = PBXGroup;
			children = (
				A8D39B367ED1EAEF07252B93 /* Pods-InstaFeatures.debug.xcconfig */,
				E4B8D5D76E2D564C19EBFBDE /* Pods-InstaFeatures.release.xcconfig */,
				476829244567F10CF978BF93 /* Pods-InstaFeatures-InstaFeaturesUITests.debug.xcconfig */,
				876A4B0CC9AF1F2079833FE0 /* Pods-InstaFeatures-InstaFeaturesUITests.release.xcconfig */,
				72CC647A756961CAA56E5188 /* Pods-InstaFeaturesTests.debug.xcconfig */,
				9BD5D4CC65CCE1BE3BAEC1D6 /* Pods-InstaFeaturesTests.release.xcconfig */,
			);
			path = Pods;
			sourceTree = "<group>";
		};
		41337EC725F78544006B104B /* Onboarding */ = {
			isa = PBXGroup;
			children = (
				41337EC825F7855A006B104B /* LoginViewController.swift */,
				41337ED025F78564006B104B /* RegistrationViewController.swift */,
			);
			path = Onboarding;
			sourceTree = "<group>";
		};
		41337F0025F78883006B104B /* Generals */ = {
			isa = PBXGroup;
			children = (
				41337ED525F78572006B104B /* PostViewController.swift */,
				41337EDA25F78676006B104B /* EditProfileViewController.swift */,
				41337EDF25F78692006B104B /* SettingsViewController.swift */,
				41337EE425F78699006B104B /* ListViewController.swift */,
				41337EE925F786A6006B104B /* SearchViewController.swift */,
				41337EEE25F786B3006B104B /* SearchResultViewController.swift */,
				41337EF325F786BC006B104B /* PostEditorViewController.swift */,
				41337EF825F786CB006B104B /* PublishPostViewController.swift */,
			);
			path = Generals;
			sourceTree = "<group>";
		};
		41337F2B25F7F4C4006B104B /* Extensions */ = {
			isa = PBXGroup;
			children = (
				41337F2C25F7F4CF006B104B /* UIView.swift */,
				416E891D25FA17BA0010EC39 /* String.swift */,
			);
			path = Extensions;
			sourceTree = "<group>";
		};
		41337F3125F7F8A8006B104B /* Storyboards */ = {
			isa = PBXGroup;
			children = (
				4166DB1825F77B7400C9C14E /* Main.storyboard */,
				4166DB2025F77B7500C9C14E /* LaunchScreen.storyboard */,
			);
			path = Storyboards;
			sourceTree = "<group>";
		};
		4166DB0625F77B7400C9C14E = {
			isa = PBXGroup;
			children = (
				4166DB1125F77B7400C9C14E /* InstaFeatures */,
				4166DB2B25F77B7600C9C14E /* InstaFeaturesTests */,
				4166DB3625F77B7600C9C14E /* InstaFeaturesUITests */,
				4166DB1025F77B7400C9C14E /* Products */,
				0D97CC2F5B3F4F3AA6418883 /* Pods */,
				03220C717F8D3E794BE87095 /* Frameworks */,
			);
			sourceTree = "<group>";
		};
		4166DB1025F77B7400C9C14E /* Products */ = {
			isa = PBXGroup;
			children = (
				4166DB0F25F77B7400C9C14E /* InstaFeatures.app */,
				4166DB2825F77B7600C9C14E /* InstaFeaturesTests.xctest */,
				4166DB3325F77B7600C9C14E /* InstaFeaturesUITests.xctest */,
			);
			name = Products;
			sourceTree = "<group>";
		};
		4166DB1125F77B7400C9C14E /* InstaFeatures */ = {
			isa = PBXGroup;
			children = (
				4166DB4C25F77C1C00C9C14E /* Resources */,
				4166DB4B25F77C1A00C9C14E /* Models */,
				4166DB4A25F77C1800C9C14E /* Views */,
				4166DB4925F77C1600C9C14E /* Controllers */,
				4166DB2325F77B7500C9C14E /* Info.plist */,
				4166DB1B25F77B7400C9C14E /* InstaFeatures.xcdatamodeld */,
			);
			path = InstaFeatures;
			sourceTree = "<group>";
		};
		4166DB2B25F77B7600C9C14E /* InstaFeaturesTests */ = {
			isa = PBXGroup;
			children = (
				4166DB2C25F77B7600C9C14E /* InstaFeaturesTests.swift */,
				4166DB2E25F77B7600C9C14E /* Info.plist */,
			);
			path = InstaFeaturesTests;
			sourceTree = "<group>";
		};
		4166DB3625F77B7600C9C14E /* InstaFeaturesUITests */ = {
			isa = PBXGroup;
			children = (
				4166DB3725F77B7600C9C14E /* InstaFeaturesUITests.swift */,
				4166DB3925F77B7600C9C14E /* Info.plist */,
			);
			path = InstaFeaturesUITests;
			sourceTree = "<group>";
		};
		4166DB4925F77C1600C9C14E /* Controllers */ = {
			isa = PBXGroup;
			children = (
				4166DB4D25F77C6800C9C14E /* Others */,
				4166DB4E25F77C6F00C9C14E /* Core Tabs */,
			);
			path = Controllers;
			sourceTree = "<group>";
		};
		4166DB4A25F77C1800C9C14E /* Views */ = {
			isa = PBXGroup;
			children = (
				41EE2AE225FAB64000D30B87 /* Cells */,
				4166DB1E25F77B7500C9C14E /* Assets.xcassets */,
				41337F3125F7F8A8006B104B /* Storyboards */,
			);
			path = Views;
			sourceTree = "<group>";
		};
		4166DB4B25F77C1A00C9C14E /* Models */ = {
			isa = PBXGroup;
			children = (
			);
			path = Models;
			sourceTree = "<group>";
		};
		4166DB4C25F77C1C00C9C14E /* Resources */ = {
			isa = PBXGroup;
			children = (
				41337F2B25F7F4C4006B104B /* Extensions */,
				4166DB1225F77B7400C9C14E /* AppDelegate.swift */,
				41337EC225F784A5006B104B /* GoogleService-Info.plist */,
				4166DB1425F77B7400C9C14E /* SceneDelegate.swift */,
				41337F0425F788EE006B104B /* DatabaseManager.swift */,
				41337F0925F7895D006B104B /* AuthManager.swift */,
				41337F0E25F7899F006B104B /* StoreManager.swift */,
			);
			path = Resources;
			sourceTree = "<group>";
		};
		4166DB4D25F77C6800C9C14E /* Others */ = {
			isa = PBXGroup;
			children = (
				41337EC725F78544006B104B /* Onboarding */,
				41337F0025F78883006B104B /* Generals */,
			);
			path = Others;
			sourceTree = "<group>";
		};
		4166DB4E25F77C6F00C9C14E /* Core Tabs */ = {
			isa = PBXGroup;
			children = (
				4166DB4F25F77C9B00C9C14E /* HomeViewController.swift */,
				4166DB5425F77CA700C9C14E /* ExploreViewController.swift */,
				4166DB5925F77CAF00C9C14E /* CameraViewController.swift */,
				4166DB5E25F77CBD00C9C14E /* NotificationViewController.swift */,
				4166DB6325F77CC500C9C14E /* ProfileViewController.swift */,
			);
			path = "Core Tabs";
			sourceTree = "<group>";
		};
		41EE2AE225FAB64000D30B87 /* Cells */ = {
			isa = PBXGroup;
			children = (
				41EE2AEB25FAB78E00D30B87 /* Home */,
			);
			path = Cells;
			sourceTree = "<group>";
		};
		41EE2AEB25FAB78E00D30B87 /* Home */ = {
			isa = PBXGroup;
			children = (
				41EE2AE325FAB67C00D30B87 /* IGFeedViewCell.swift */,
				41EE2AEC25FAB7C100D30B87 /* IGPostHeaderViewCell.swift */,
				41EE2AF125FAB7F800D30B87 /* IGPostActionViewCell.swift */,
				41EE2AF625FAB81B00D30B87 /* IGPostGeneralViewCell.swift */,
			);
			path = Home;
			sourceTree = "<group>";
		};
/* End PBXGroup section */

/* Begin PBXNativeTarget section */
		4166DB0E25F77B7400C9C14E /* InstaFeatures */ = {
			isa = PBXNativeTarget;
			buildConfigurationList = 4166DB3C25F77B7600C9C14E /* Build configuration list for PBXNativeTarget "InstaFeatures" */;
			buildPhases = (
				EF56C4DD2554663A5094B45E /* [CP] Check Pods Manifest.lock */,
				4166DB0B25F77B7400C9C14E /* Sources */,
				4166DB0C25F77B7400C9C14E /* Frameworks */,
				4166DB0D25F77B7400C9C14E /* Resources */,
				37ED9B5207E46FAD6F2845F4 /* [CP] Embed Pods Frameworks */,
			);
			buildRules = (
			);
			dependencies = (
			);
			name = InstaFeatures;
			productName = InstaFeatures;
			productReference = 4166DB0F25F77B7400C9C14E /* InstaFeatures.app */;
			productType = "com.apple.product-type.application";
		};
		4166DB2725F77B7600C9C14E /* InstaFeaturesTests */ = {
			isa = PBXNativeTarget;
			buildConfigurationList = 4166DB3F25F77B7600C9C14E /* Build configuration list for PBXNativeTarget "InstaFeaturesTests" */;
			buildPhases = (
				A7867690C9B9293DAACA00EF /* [CP] Check Pods Manifest.lock */,
				4166DB2425F77B7600C9C14E /* Sources */,
				4166DB2525F77B7600C9C14E /* Frameworks */,
				4166DB2625F77B7600C9C14E /* Resources */,
			);
			buildRules = (
			);
			dependencies = (
				4166DB2A25F77B7600C9C14E /* PBXTargetDependency */,
			);
			name = InstaFeaturesTests;
			productName = InstaFeaturesTests;
			productReference = 4166DB2825F77B7600C9C14E /* InstaFeaturesTests.xctest */;
			productType = "com.apple.product-type.bundle.unit-test";
		};
		4166DB3225F77B7600C9C14E /* InstaFeaturesUITests */ = {
			isa = PBXNativeTarget;
			buildConfigurationList = 4166DB4225F77B7600C9C14E /* Build configuration list for PBXNativeTarget "InstaFeaturesUITests" */;
			buildPhases = (
				00561D6E8A7E743AD60E223F /* [CP] Check Pods Manifest.lock */,
				4166DB2F25F77B7600C9C14E /* Sources */,
				4166DB3025F77B7600C9C14E /* Frameworks */,
				4166DB3125F77B7600C9C14E /* Resources */,
				A84A12351A8A9B243772DE2D /* [CP] Embed Pods Frameworks */,
			);
			buildRules = (
			);
			dependencies = (
				4166DB3525F77B7600C9C14E /* PBXTargetDependency */,
			);
			name = InstaFeaturesUITests;
			productName = InstaFeaturesUITests;
			productReference = 4166DB3325F77B7600C9C14E /* InstaFeaturesUITests.xctest */;
			productType = "com.apple.product-type.bundle.ui-testing";
		};
/* End PBXNativeTarget section */

/* Begin PBXProject section */
		4166DB0725F77B7400C9C14E /* Project object */ = {
			isa = PBXProject;
			attributes = {
				LastSwiftUpdateCheck = 1240;
				LastUpgradeCheck = 1240;
				TargetAttributes = {
					4166DB0E25F77B7400C9C14E = {
						CreatedOnToolsVersion = 12.4;
					};
					4166DB2725F77B7600C9C14E = {
						CreatedOnToolsVersion = 12.4;
						TestTargetID = 4166DB0E25F77B7400C9C14E;
					};
					4166DB3225F77B7600C9C14E = {
						CreatedOnToolsVersion = 12.4;
						TestTargetID = 4166DB0E25F77B7400C9C14E;
					};
				};
			};
			buildConfigurationList = 4166DB0A25F77B7400C9C14E /* Build configuration list for PBXProject "InstaFeatures" */;
			compatibilityVersion = "Xcode 9.3";
			developmentRegion = en;
			hasScannedForEncodings = 0;
			knownRegions = (
				en,
				Base,
			);
			mainGroup = 4166DB0625F77B7400C9C14E;
			productRefGroup = 4166DB1025F77B7400C9C14E /* Products */;
			projectDirPath = "";
			projectRoot = "";
			targets = (
				4166DB0E25F77B7400C9C14E /* InstaFeatures */,
				4166DB2725F77B7600C9C14E /* InstaFeaturesTests */,
				4166DB3225F77B7600C9C14E /* InstaFeaturesUITests */,
			);
		};
/* End PBXProject section */

/* Begin PBXResourcesBuildPhase section */
		4166DB0D25F77B7400C9C14E /* Resources */ = {
			isa = PBXResourcesBuildPhase;
			buildActionMask = 2147483647;
			files = (
				4166DB2225F77B7500C9C14E /* LaunchScreen.storyboard in Resources */,
				41337EC325F784A5006B104B /* GoogleService-Info.plist in Resources */,
				4166DB1F25F77B7500C9C14E /* Assets.xcassets in Resources */,
				4166DB1A25F77B7400C9C14E /* Main.storyboard in Resources */,
			);
			runOnlyForDeploymentPostprocessing = 0;
		};
		4166DB2625F77B7600C9C14E /* Resources */ = {
			isa = PBXResourcesBuildPhase;
			buildActionMask = 2147483647;
			files = (
			);
			runOnlyForDeploymentPostprocessing = 0;
		};
		4166DB3125F77B7600C9C14E /* Resources */ = {
			isa = PBXResourcesBuildPhase;
			buildActionMask = 2147483647;
			files = (
			);
			runOnlyForDeploymentPostprocessing = 0;
		};
/* End PBXResourcesBuildPhase section */

/* Begin PBXShellScriptBuildPhase section */
		00561D6E8A7E743AD60E223F /* [CP] Check Pods Manifest.lock */ = {
			isa = PBXShellScriptBuildPhase;
			buildActionMask = 2147483647;
			files = (
			);
			inputFileListPaths = (
			);
			inputPaths = (
				"${PODS_PODFILE_DIR_PATH}/Podfile.lock",
				"${PODS_ROOT}/Manifest.lock",
			);
			name = "[CP] Check Pods Manifest.lock";
			outputFileListPaths = (
			);
			outputPaths = (
				"$(DERIVED_FILE_DIR)/Pods-InstaFeatures-InstaFeaturesUITests-checkManifestLockResult.txt",
			);
			runOnlyForDeploymentPostprocessing = 0;
			shellPath = /bin/sh;
			shellScript = "diff \"${PODS_PODFILE_DIR_PATH}/Podfile.lock\" \"${PODS_ROOT}/Manifest.lock\" > /dev/null\nif [ $? != 0 ] ; then\n    # print error to STDERR\n    echo \"error: The sandbox is not in sync with the Podfile.lock. Run 'pod install' or update your CocoaPods installation.\" >&2\n    exit 1\nfi\n# This output is used by Xcode 'outputs' to avoid re-running this script phase.\necho \"SUCCESS\" > \"${SCRIPT_OUTPUT_FILE_0}\"\n";
			showEnvVarsInLog = 0;
		};
		37ED9B5207E46FAD6F2845F4 /* [CP] Embed Pods Frameworks */ = {
			isa = PBXShellScriptBuildPhase;
			buildActionMask = 2147483647;
			files = (
			);
			inputFileListPaths = (
				"${PODS_ROOT}/Target Support Files/Pods-InstaFeatures/Pods-InstaFeatures-frameworks-${CONFIGURATION}-input-files.xcfilelist",
			);
			name = "[CP] Embed Pods Frameworks";
			outputFileListPaths = (
				"${PODS_ROOT}/Target Support Files/Pods-InstaFeatures/Pods-InstaFeatures-frameworks-${CONFIGURATION}-output-files.xcfilelist",
			);
			runOnlyForDeploymentPostprocessing = 0;
			shellPath = /bin/sh;
			shellScript = "\"${PODS_ROOT}/Target Support Files/Pods-InstaFeatures/Pods-InstaFeatures-frameworks.sh\"\n";
			showEnvVarsInLog = 0;
		};
		A7867690C9B9293DAACA00EF /* [CP] Check Pods Manifest.lock */ = {
			isa = PBXShellScriptBuildPhase;
			buildActionMask = 2147483647;
			files = (
			);
			inputFileListPaths = (
			);
			inputPaths = (
				"${PODS_PODFILE_DIR_PATH}/Podfile.lock",
				"${PODS_ROOT}/Manifest.lock",
			);
			name = "[CP] Check Pods Manifest.lock";
			outputFileListPaths = (
			);
			outputPaths = (
				"$(DERIVED_FILE_DIR)/Pods-InstaFeaturesTests-checkManifestLockResult.txt",
			);
			runOnlyForDeploymentPostprocessing = 0;
			shellPath = /bin/sh;
			shellScript = "diff \"${PODS_PODFILE_DIR_PATH}/Podfile.lock\" \"${PODS_ROOT}/Manifest.lock\" > /dev/null\nif [ $? != 0 ] ; then\n    # print error to STDERR\n    echo \"error: The sandbox is not in sync with the Podfile.lock. Run 'pod install' or update your CocoaPods installation.\" >&2\n    exit 1\nfi\n# This output is used by Xcode 'outputs' to avoid re-running this script phase.\necho \"SUCCESS\" > \"${SCRIPT_OUTPUT_FILE_0}\"\n";
			showEnvVarsInLog = 0;
		};
		A84A12351A8A9B243772DE2D /* [CP] Embed Pods Frameworks */ = {
			isa = PBXShellScriptBuildPhase;
			buildActionMask = 2147483647;
			files = (
			);
			inputFileListPaths = (
				"${PODS_ROOT}/Target Support Files/Pods-InstaFeatures-InstaFeaturesUITests/Pods-InstaFeatures-InstaFeaturesUITests-frameworks-${CONFIGURATION}-input-files.xcfilelist",
			);
			name = "[CP] Embed Pods Frameworks";
			outputFileListPaths = (
				"${PODS_ROOT}/Target Support Files/Pods-InstaFeatures-InstaFeaturesUITests/Pods-InstaFeatures-InstaFeaturesUITests-frameworks-${CONFIGURATION}-output-files.xcfilelist",
			);
			runOnlyForDeploymentPostprocessing = 0;
			shellPath = /bin/sh;
			shellScript = "\"${PODS_ROOT}/Target Support Files/Pods-InstaFeatures-InstaFeaturesUITests/Pods-InstaFeatures-InstaFeaturesUITests-frameworks.sh\"\n";
			showEnvVarsInLog = 0;
		};
		EF56C4DD2554663A5094B45E /* [CP] Check Pods Manifest.lock */ = {
			isa = PBXShellScriptBuildPhase;
			buildActionMask = 2147483647;
			files = (
			);
			inputFileListPaths = (
			);
			inputPaths = (
				"${PODS_PODFILE_DIR_PATH}/Podfile.lock",
				"${PODS_ROOT}/Manifest.lock",
			);
			name = "[CP] Check Pods Manifest.lock";
			outputFileListPaths = (
			);
			outputPaths = (
				"$(DERIVED_FILE_DIR)/Pods-InstaFeatures-checkManifestLockResult.txt",
			);
			runOnlyForDeploymentPostprocessing = 0;
			shellPath = /bin/sh;
			shellScript = "diff \"${PODS_PODFILE_DIR_PATH}/Podfile.lock\" \"${PODS_ROOT}/Manifest.lock\" > /dev/null\nif [ $? != 0 ] ; then\n    # print error to STDERR\n    echo \"error: The sandbox is not in sync with the Podfile.lock. Run 'pod install' or update your CocoaPods installation.\" >&2\n    exit 1\nfi\n# This output is used by Xcode 'outputs' to avoid re-running this script phase.\necho \"SUCCESS\" > \"${SCRIPT_OUTPUT_FILE_0}\"\n";
			showEnvVarsInLog = 0;
		};
/* End PBXShellScriptBuildPhase section */

/* Begin PBXSourcesBuildPhase section */
		4166DB0B25F77B7400C9C14E /* Sources */ = {
			isa = PBXSourcesBuildPhase;
			buildActionMask = 2147483647;
			files = (
				41337EDB25F78676006B104B /* EditProfileViewController.swift in Sources */,
				41337ED625F78572006B104B /* PostViewController.swift in Sources */,
				416E891E25FA17BA0010EC39 /* String.swift in Sources */,
				41337F2D25F7F4CF006B104B /* UIView.swift in Sources */,
				4166DB5025F77C9B00C9C14E /* HomeViewController.swift in Sources */,
				4166DB1D25F77B7400C9C14E /* InstaFeatures.xcdatamodeld in Sources */,
				41EE2AF225FAB7F800D30B87 /* IGPostActionViewCell.swift in Sources */,
				4166DB5F25F77CBD00C9C14E /* NotificationViewController.swift in Sources */,
				41EE2AF725FAB81B00D30B87 /* IGPostGeneralViewCell.swift in Sources */,
				41337ED125F78564006B104B /* RegistrationViewController.swift in Sources */,
				4166DB5525F77CA700C9C14E /* ExploreViewController.swift in Sources */,
				41337EF925F786CB006B104B /* PublishPostViewController.swift in Sources */,
				41EE2AE425FAB67C00D30B87 /* IGFeedViewCell.swift in Sources */,
				41337EE525F78699006B104B /* ListViewController.swift in Sources */,
				41337F0A25F7895D006B104B /* AuthManager.swift in Sources */,
				4166DB5A25F77CAF00C9C14E /* CameraViewController.swift in Sources */,
				41337EEA25F786A6006B104B /* SearchViewController.swift in Sources */,
				41337EF425F786BC006B104B /* PostEditorViewController.swift in Sources */,
				41337EE025F78692006B104B /* SettingsViewController.swift in Sources */,
				4166DB6425F77CC500C9C14E /* ProfileViewController.swift in Sources */,
				41337F0F25F7899F006B104B /* StoreManager.swift in Sources */,
				41337F0525F788EE006B104B /* DatabaseManager.swift in Sources */,
				41337EEF25F786B3006B104B /* SearchResultViewController.swift in Sources */,
				4166DB1325F77B7400C9C14E /* AppDelegate.swift in Sources */,
				41EE2AED25FAB7C100D30B87 /* IGPostHeaderViewCell.swift in Sources */,
				41337EC925F7855A006B104B /* LoginViewController.swift in Sources */,
				4166DB1525F77B7400C9C14E /* SceneDelegate.swift in Sources */,
			);
			runOnlyForDeploymentPostprocessing = 0;
		};
		4166DB2425F77B7600C9C14E /* Sources */ = {
			isa = PBXSourcesBuildPhase;
			buildActionMask = 2147483647;
			files = (
				4166DB2D25F77B7600C9C14E /* InstaFeaturesTests.swift in Sources */,
			);
			runOnlyForDeploymentPostprocessing = 0;
		};
		4166DB2F25F77B7600C9C14E /* Sources */ = {
			isa = PBXSourcesBuildPhase;
			buildActionMask = 2147483647;
			files = (
				4166DB3825F77B7600C9C14E /* InstaFeaturesUITests.swift in Sources */,
			);
			runOnlyForDeploymentPostprocessing = 0;
		};
/* End PBXSourcesBuildPhase section */

/* Begin PBXTargetDependency section */
		4166DB2A25F77B7600C9C14E /* PBXTargetDependency */ = {
			isa = PBXTargetDependency;
			target = 4166DB0E25F77B7400C9C14E /* InstaFeatures */;
			targetProxy = 4166DB2925F77B7600C9C14E /* PBXContainerItemProxy */;
		};
		4166DB3525F77B7600C9C14E /* PBXTargetDependency */ = {
			isa = PBXTargetDependency;
			target = 4166DB0E25F77B7400C9C14E /* InstaFeatures */;
			targetProxy = 4166DB3425F77B7600C9C14E /* PBXContainerItemProxy */;
		};
/* End PBXTargetDependency section */

/* Begin PBXVariantGroup section */
		4166DB1825F77B7400C9C14E /* Main.storyboard */ = {
			isa = PBXVariantGroup;
			children = (
				4166DB1925F77B7400C9C14E /* Base */,
			);
			name = Main.storyboard;
			sourceTree = "<group>";
		};
		4166DB2025F77B7500C9C14E /* LaunchScreen.storyboard */ = {
			isa = PBXVariantGroup;
			children = (
				4166DB2125F77B7500C9C14E /* Base */,
			);
			name = LaunchScreen.storyboard;
			sourceTree = "<group>";
		};
/* End PBXVariantGroup section */

/* Begin XCBuildConfiguration section */
		4166DB3A25F77B7600C9C14E /* Debug */ = {
			isa = XCBuildConfiguration;
			buildSettings = {
				ALWAYS_SEARCH_USER_PATHS = NO;
				CLANG_ANALYZER_NONNULL = YES;
				CLANG_ANALYZER_NUMBER_OBJECT_CONVERSION = YES_AGGRESSIVE;
				CLANG_CXX_LANGUAGE_STANDARD = "gnu++14";
				CLANG_CXX_LIBRARY = "libc++";
				CLANG_ENABLE_MODULES = YES;
				CLANG_ENABLE_OBJC_ARC = YES;
				CLANG_ENABLE_OBJC_WEAK = YES;
				CLANG_WARN_BLOCK_CAPTURE_AUTORELEASING = YES;
				CLANG_WARN_BOOL_CONVERSION = YES;
				CLANG_WARN_COMMA = YES;
				CLANG_WARN_CONSTANT_CONVERSION = YES;
				CLANG_WARN_DEPRECATED_OBJC_IMPLEMENTATIONS = YES;
				CLANG_WARN_DIRECT_OBJC_ISA_USAGE = YES_ERROR;
				CLANG_WARN_DOCUMENTATION_COMMENTS = YES;
				CLANG_WARN_EMPTY_BODY = YES;
				CLANG_WARN_ENUM_CONVERSION = YES;
				CLANG_WARN_INFINITE_RECURSION = YES;
				CLANG_WARN_INT_CONVERSION = YES;
				CLANG_WARN_NON_LITERAL_NULL_CONVERSION = YES;
				CLANG_WARN_OBJC_IMPLICIT_RETAIN_SELF = YES;
				CLANG_WARN_OBJC_LITERAL_CONVERSION = YES;
				CLANG_WARN_OBJC_ROOT_CLASS = YES_ERROR;
				CLANG_WARN_QUOTED_INCLUDE_IN_FRAMEWORK_HEADER = YES;
				CLANG_WARN_RANGE_LOOP_ANALYSIS = YES;
				CLANG_WARN_STRICT_PROTOTYPES = YES;
				CLANG_WARN_SUSPICIOUS_MOVE = YES;
				CLANG_WARN_UNGUARDED_AVAILABILITY = YES_AGGRESSIVE;
				CLANG_WARN_UNREACHABLE_CODE = YES;
				CLANG_WARN__DUPLICATE_METHOD_MATCH = YES;
				COPY_PHASE_STRIP = NO;
				DEBUG_INFORMATION_FORMAT = dwarf;
				ENABLE_STRICT_OBJC_MSGSEND = YES;
				ENABLE_TESTABILITY = YES;
				GCC_C_LANGUAGE_STANDARD = gnu11;
				GCC_DYNAMIC_NO_PIC = NO;
				GCC_NO_COMMON_BLOCKS = YES;
				GCC_OPTIMIZATION_LEVEL = 0;
				GCC_PREPROCESSOR_DEFINITIONS = (
					"DEBUG=1",
					"$(inherited)",
				);
				GCC_WARN_64_TO_32_BIT_CONVERSION = YES;
				GCC_WARN_ABOUT_RETURN_TYPE = YES_ERROR;
				GCC_WARN_UNDECLARED_SELECTOR = YES;
				GCC_WARN_UNINITIALIZED_AUTOS = YES_AGGRESSIVE;
				GCC_WARN_UNUSED_FUNCTION = YES;
				GCC_WARN_UNUSED_VARIABLE = YES;
				IPHONEOS_DEPLOYMENT_TARGET = 14.4;
				MTL_ENABLE_DEBUG_INFO = INCLUDE_SOURCE;
				MTL_FAST_MATH = YES;
				ONLY_ACTIVE_ARCH = YES;
				SDKROOT = iphoneos;
				SWIFT_ACTIVE_COMPILATION_CONDITIONS = DEBUG;
				SWIFT_OPTIMIZATION_LEVEL = "-Onone";
			};
			name = Debug;
		};
		4166DB3B25F77B7600C9C14E /* Release */ = {
			isa = XCBuildConfiguration;
			buildSettings = {
				ALWAYS_SEARCH_USER_PATHS = NO;
				CLANG_ANALYZER_NONNULL = YES;
				CLANG_ANALYZER_NUMBER_OBJECT_CONVERSION = YES_AGGRESSIVE;
				CLANG_CXX_LANGUAGE_STANDARD = "gnu++14";
				CLANG_CXX_LIBRARY = "libc++";
				CLANG_ENABLE_MODULES = YES;
				CLANG_ENABLE_OBJC_ARC = YES;
				CLANG_ENABLE_OBJC_WEAK = YES;
				CLANG_WARN_BLOCK_CAPTURE_AUTORELEASING = YES;
				CLANG_WARN_BOOL_CONVERSION = YES;
				CLANG_WARN_COMMA = YES;
				CLANG_WARN_CONSTANT_CONVERSION = YES;
				CLANG_WARN_DEPRECATED_OBJC_IMPLEMENTATIONS = YES;
				CLANG_WARN_DIRECT_OBJC_ISA_USAGE = YES_ERROR;
				CLANG_WARN_DOCUMENTATION_COMMENTS = YES;
				CLANG_WARN_EMPTY_BODY = YES;
				CLANG_WARN_ENUM_CONVERSION = YES;
				CLANG_WARN_INFINITE_RECURSION = YES;
				CLANG_WARN_INT_CONVERSION = YES;
				CLANG_WARN_NON_LITERAL_NULL_CONVERSION = YES;
				CLANG_WARN_OBJC_IMPLICIT_RETAIN_SELF = YES;
				CLANG_WARN_OBJC_LITERAL_CONVERSION = YES;
				CLANG_WARN_OBJC_ROOT_CLASS = YES_ERROR;
				CLANG_WARN_QUOTED_INCLUDE_IN_FRAMEWORK_HEADER = YES;
				CLANG_WARN_RANGE_LOOP_ANALYSIS = YES;
				CLANG_WARN_STRICT_PROTOTYPES = YES;
				CLANG_WARN_SUSPICIOUS_MOVE = YES;
				CLANG_WARN_UNGUARDED_AVAILABILITY = YES_AGGRESSIVE;
				CLANG_WARN_UNREACHABLE_CODE = YES;
				CLANG_WARN__DUPLICATE_METHOD_MATCH = YES;
				COPY_PHASE_STRIP = NO;
				DEBUG_INFORMATION_FORMAT = "dwarf-with-dsym";
				ENABLE_NS_ASSERTIONS = NO;
				ENABLE_STRICT_OBJC_MSGSEND = YES;
				GCC_C_LANGUAGE_STANDARD = gnu11;
				GCC_NO_COMMON_BLOCKS = YES;
				GCC_WARN_64_TO_32_BIT_CONVERSION = YES;
				GCC_WARN_ABOUT_RETURN_TYPE = YES_ERROR;
				GCC_WARN_UNDECLARED_SELECTOR = YES;
				GCC_WARN_UNINITIALIZED_AUTOS = YES_AGGRESSIVE;
				GCC_WARN_UNUSED_FUNCTION = YES;
				GCC_WARN_UNUSED_VARIABLE = YES;
				IPHONEOS_DEPLOYMENT_TARGET = 14.4;
				MTL_ENABLE_DEBUG_INFO = NO;
				MTL_FAST_MATH = YES;
				SDKROOT = iphoneos;
				SWIFT_COMPILATION_MODE = wholemodule;
				SWIFT_OPTIMIZATION_LEVEL = "-O";
				VALIDATE_PRODUCT = YES;
			};
			name = Release;
		};
		4166DB3D25F77B7600C9C14E /* Debug */ = {
			isa = XCBuildConfiguration;
			baseConfigurationReference = A8D39B367ED1EAEF07252B93 /* Pods-InstaFeatures.debug.xcconfig */;
			buildSettings = {
				ASSETCATALOG_COMPILER_APPICON_NAME = AppIcon;
				ASSETCATALOG_COMPILER_GLOBAL_ACCENT_COLOR_NAME = AccentColor;
				CODE_SIGN_STYLE = Automatic;
				DEVELOPMENT_TEAM = CPDNCAZJQ6;
				INFOPLIST_FILE = InstaFeatures/Info.plist;
				IPHONEOS_DEPLOYMENT_TARGET = 13.0;
				LD_RUNPATH_SEARCH_PATHS = (
					"$(inherited)",
					"@executable_path/Frameworks",
				);
				PRODUCT_BUNDLE_IDENTIFIER = com.renatomateusx.InstaFeatures;
				PRODUCT_NAME = "$(TARGET_NAME)";
				SWIFT_VERSION = 5.0;
				TARGETED_DEVICE_FAMILY = "1,2";
			};
			name = Debug;
		};
		4166DB3E25F77B7600C9C14E /* Release */ = {
			isa = XCBuildConfiguration;
			baseConfigurationReference = E4B8D5D76E2D564C19EBFBDE /* Pods-InstaFeatures.release.xcconfig */;
			buildSettings = {
				ASSETCATALOG_COMPILER_APPICON_NAME = AppIcon;
				ASSETCATALOG_COMPILER_GLOBAL_ACCENT_COLOR_NAME = AccentColor;
				CODE_SIGN_STYLE = Automatic;
				DEVELOPMENT_TEAM = CPDNCAZJQ6;
				INFOPLIST_FILE = InstaFeatures/Info.plist;
				IPHONEOS_DEPLOYMENT_TARGET = 13.0;
				LD_RUNPATH_SEARCH_PATHS = (
					"$(inherited)",
					"@executable_path/Frameworks",
				);
				PRODUCT_BUNDLE_IDENTIFIER = com.renatomateusx.InstaFeatures;
				PRODUCT_NAME = "$(TARGET_NAME)";
				SWIFT_VERSION = 5.0;
				TARGETED_DEVICE_FAMILY = "1,2";
			};
			name = Release;
		};
		4166DB4025F77B7600C9C14E /* Debug */ = {
			isa = XCBuildConfiguration;
			baseConfigurationReference = 72CC647A756961CAA56E5188 /* Pods-InstaFeaturesTests.debug.xcconfig */;
			buildSettings = {
				ALWAYS_EMBED_SWIFT_STANDARD_LIBRARIES = YES;
				BUNDLE_LOADER = "$(TEST_HOST)";
				CODE_SIGN_STYLE = Automatic;
				DEVELOPMENT_TEAM = CPDNCAZJQ6;
				INFOPLIST_FILE = InstaFeaturesTests/Info.plist;
				IPHONEOS_DEPLOYMENT_TARGET = 14.4;
				LD_RUNPATH_SEARCH_PATHS = (
					"$(inherited)",
					"@executable_path/Frameworks",
					"@loader_path/Frameworks",
				);
				PRODUCT_BUNDLE_IDENTIFIER = com.renatomateusx.InstaFeaturesTests;
				PRODUCT_NAME = "$(TARGET_NAME)";
				SWIFT_VERSION = 5.0;
				TARGETED_DEVICE_FAMILY = "1,2";
				TEST_HOST = "$(BUILT_PRODUCTS_DIR)/InstaFeatures.app/InstaFeatures";
			};
			name = Debug;
		};
		4166DB4125F77B7600C9C14E /* Release */ = {
			isa = XCBuildConfiguration;
			baseConfigurationReference = 9BD5D4CC65CCE1BE3BAEC1D6 /* Pods-InstaFeaturesTests.release.xcconfig */;
			buildSettings = {
				ALWAYS_EMBED_SWIFT_STANDARD_LIBRARIES = YES;
				BUNDLE_LOADER = "$(TEST_HOST)";
				CODE_SIGN_STYLE = Automatic;
				DEVELOPMENT_TEAM = CPDNCAZJQ6;
				INFOPLIST_FILE = InstaFeaturesTests/Info.plist;
				IPHONEOS_DEPLOYMENT_TARGET = 14.4;
				LD_RUNPATH_SEARCH_PATHS = (
					"$(inherited)",
					"@executable_path/Frameworks",
					"@loader_path/Frameworks",
				);
				PRODUCT_BUNDLE_IDENTIFIER = com.renatomateusx.InstaFeaturesTests;
				PRODUCT_NAME = "$(TARGET_NAME)";
				SWIFT_VERSION = 5.0;
				TARGETED_DEVICE_FAMILY = "1,2";
				TEST_HOST = "$(BUILT_PRODUCTS_DIR)/InstaFeatures.app/InstaFeatures";
			};
			name = Release;
		};
		4166DB4325F77B7600C9C14E /* Debug */ = {
			isa = XCBuildConfiguration;
			baseConfigurationReference = 476829244567F10CF978BF93 /* Pods-InstaFeatures-InstaFeaturesUITests.debug.xcconfig */;
			buildSettings = {
				ALWAYS_EMBED_SWIFT_STANDARD_LIBRARIES = YES;
				CODE_SIGN_STYLE = Automatic;
				DEVELOPMENT_TEAM = CPDNCAZJQ6;
				INFOPLIST_FILE = InstaFeaturesUITests/Info.plist;
				LD_RUNPATH_SEARCH_PATHS = (
					"$(inherited)",
					"@executable_path/Frameworks",
					"@loader_path/Frameworks",
				);
				PRODUCT_BUNDLE_IDENTIFIER = com.renatomateusx.InstaFeaturesUITests;
				PRODUCT_NAME = "$(TARGET_NAME)";
				SWIFT_VERSION = 5.0;
				TARGETED_DEVICE_FAMILY = "1,2";
				TEST_TARGET_NAME = InstaFeatures;
			};
			name = Debug;
		};
		4166DB4425F77B7600C9C14E /* Release */ = {
			isa = XCBuildConfiguration;
			baseConfigurationReference = 876A4B0CC9AF1F2079833FE0 /* Pods-InstaFeatures-InstaFeaturesUITests.release.xcconfig */;
			buildSettings = {
				ALWAYS_EMBED_SWIFT_STANDARD_LIBRARIES = YES;
				CODE_SIGN_STYLE = Automatic;
				DEVELOPMENT_TEAM = CPDNCAZJQ6;
				INFOPLIST_FILE = InstaFeaturesUITests/Info.plist;
				LD_RUNPATH_SEARCH_PATHS = (
					"$(inherited)",
					"@executable_path/Frameworks",
					"@loader_path/Frameworks",
				);
				PRODUCT_BUNDLE_IDENTIFIER = com.renatomateusx.InstaFeaturesUITests;
				PRODUCT_NAME = "$(TARGET_NAME)";
				SWIFT_VERSION = 5.0;
				TARGETED_DEVICE_FAMILY = "1,2";
				TEST_TARGET_NAME = InstaFeatures;
			};
			name = Release;
		};
/* End XCBuildConfiguration section */

/* Begin XCConfigurationList section */
		4166DB0A25F77B7400C9C14E /* Build configuration list for PBXProject "InstaFeatures" */ = {
			isa = XCConfigurationList;
			buildConfigurations = (
				4166DB3A25F77B7600C9C14E /* Debug */,
				4166DB3B25F77B7600C9C14E /* Release */,
			);
			defaultConfigurationIsVisible = 0;
			defaultConfigurationName = Release;
		};
		4166DB3C25F77B7600C9C14E /* Build configuration list for PBXNativeTarget "InstaFeatures" */ = {
			isa = XCConfigurationList;
			buildConfigurations = (
				4166DB3D25F77B7600C9C14E /* Debug */,
				4166DB3E25F77B7600C9C14E /* Release */,
			);
			defaultConfigurationIsVisible = 0;
			defaultConfigurationName = Release;
		};
		4166DB3F25F77B7600C9C14E /* Build configuration list for PBXNativeTarget "InstaFeaturesTests" */ = {
			isa = XCConfigurationList;
			buildConfigurations = (
				4166DB4025F77B7600C9C14E /* Debug */,
				4166DB4125F77B7600C9C14E /* Release */,
			);
			defaultConfigurationIsVisible = 0;
			defaultConfigurationName = Release;
		};
		4166DB4225F77B7600C9C14E /* Build configuration list for PBXNativeTarget "InstaFeaturesUITests" */ = {
			isa = XCConfigurationList;
			buildConfigurations = (
				4166DB4325F77B7600C9C14E /* Debug */,
				4166DB4425F77B7600C9C14E /* Release */,
			);
			defaultConfigurationIsVisible = 0;
			defaultConfigurationName = Release;
		};
/* End XCConfigurationList section */

/* Begin XCVersionGroup section */
		4166DB1B25F77B7400C9C14E /* InstaFeatures.xcdatamodeld */ = {
			isa = XCVersionGroup;
			children = (
				4166DB1C25F77B7400C9C14E /* InstaFeatures.xcdatamodel */,
			);
			currentVersion = 4166DB1C25F77B7400C9C14E /* InstaFeatures.xcdatamodel */;
			path = InstaFeatures.xcdatamodeld;
			sourceTree = "<group>";
			versionGroupType = wrapper.xcdatamodel;
		};
/* End XCVersionGroup section */
	};
	rootObject = 4166DB0725F77B7400C9C14E /* Project object */;
}
